
Microsoft Visual Studio Solution File, Format Version 12.00
# Visual Studio Version 17
VisualStudioVersion = 17.11.35222.181
MinimumVisualStudioVersion = 10.0.40219.1
Project("{F184B08F-C81C-45F6-A57F-5ABD9991F28F}") = "FirstConsole", "FirstConsole.vbproj", "{C426A005-9A41-453F-A3B1-C3E2BDFCE4ED}"
EndProject
Global
	GlobalSection(SolutionConfigurationPlatforms) = preSolution
		Debug|Any CPU = Debug|Any CPU
		Release|Any CPU = Release|Any CPU
	EndGlobalSection
	GlobalSection(ProjectConfigurationPlatforms) = postSolution
		{C426A005-9A41-453F-A3B1-C3E2BDFCE4ED}.Debug|Any CPU.ActiveCfg = Debug|Any CPU
		{C426A005-9A41-453F-A3B1-C3E2BDFCE4ED}.Debug|Any CPU.Build.0 = Debug|Any CPU
		{C426A005-9A41-453F-A3B1-C3E2BDFCE4ED}.Release|Any CPU.ActiveCfg = Release|Any CPU
		{C426A005-9A41-453F-A3B1-C3E2BDFCE4ED}.Release|Any CPU.Build.0 = Release|Any CPU
	EndGlobalSection
	GlobalSection(SolutionProperties) = preSolution
		HideSolutionNode = FALSE
	EndGlobalSection
	GlobalSection(ExtensibilityGlobals) = postSolution
		SolutionGuid = {628CE9BA-BF97-4E93-9A94-BB0F8DBCCDE3}
	EndGlobalSection
EndGlobal
